{
  "name": "laminar-flow-garden-hose-head-mk3",
  "version": "0.1.0",
  "lockfileVersion": 3,
  "requires": true,
  "packages": {
    "": {
      "name": "laminar-flow-garden-hose-head-mk3",
      "version": "0.1.0",
      "dependencies": {
        "@jscad/modeling": "^2.12.6"
      },
      "devDependencies": {}
    },
    "node_modules/@jscad/modeling": {
      "version": "2.13.0",
      "resolved": "https://registry.npmjs.org/@jscad/modeling/-/modeling-2.13.0.tgz",
      "integrity": "sha512-Thv/JJZZOMzQ9rfhP+75PbgrNbBTZduRL+ClaGfGFts9+JdIXcUueqRL3NtZZ/v/hyZCUBkPSRxHIi4icz04tQ==",
      "license": "MIT"
    }
  }
}
